<?xml version="1.0" encoding="UTF-8" standalone="yes" ?>
<CodeBlocks_project_file>
	<FileVersion major="1" minor="6" />
	<Project>
		<Option title="Tetris" />
		<Option pch_mode="2" />
		<Option compiler="gcc" />
		<Build>
			<Target title="Debug">
				<Option output="bin/Debug/Tetris" prefix_auto="1" extension_auto="1" />
				<Option object_output="obj/Debug/" />
				<Option type="1" />
				<Option compiler="gcc" />
				<Compiler>
					<Add option="-g" />
				</Compiler>
			</Target>
			<Target title="Release">
				<Option output="bin/Release/Tetris" prefix_auto="1" extension_auto="1" />
				<Option object_output="obj/Release/" />
				<Option type="1" />
				<Option compiler="gcc" />
				<Compiler>
					<Add option="-O2" />
				</Compiler>
				<Linker>
					<Add option="-s" />
				</Linker>
			</Target>
		</Build>
		<Compiler>
			<Add option="-std=c++11" />
			<Add option="-Wall" />
			<Add directory="/home/shannon/Documents/Tetris/include" />
		</Compiler>
		<Linker>
			<Add option="-lSDL2 -lSDL2main" />
		</Linker>
		<Unit filename="include/blocks.hpp" />
		<Unit filename="include/event.hpp" />
		<Unit filename="include/grid.hpp" />
		<Unit filename="include/piece.hpp" />
		<Unit filename="include/renderer.hpp" />
		<Unit filename="include/window.hpp" />
		<Unit filename="src/blocks.cpp" />
		<Unit filename="src/event.cpp" />
		<Unit filename="src/grid.cpp" />
		<Unit filename="src/main.cpp" />
		<Unit filename="src/piece.cpp" />
		<Unit filename="src/renderer.cpp" />
		<Unit filename="src/window.cpp" />
		<Extensions>
			<code_completion />
			<debugger />
		</Extensions>
	</Project>
</CodeBlocks_project_file>
